
Microsoft Visual Studio Solution File, Format Version 12.00
# Visual Studio Version 16
VisualStudioVersion = 16.0.31205.134
MinimumVisualStudioVersion = 10.0.40219.1
Project("{9A19103F-16F7-4668-BE54-9A1E7A4F7556}") = "RaceResultsBlazor.App", "RaceResultsBlazor.App\RaceResultsBlazor.App.csproj", "{E5B75E86-E2DF-4540-AFF9-44365D9EFDF1}"
EndProject
Project("{FAE04EC0-301F-11D3-BF4B-00C04F79EFBC}") = "RaceResultsBlazor.Models", "RaceResultsBlazor.Models\RaceResultsBlazor.Models.csproj", "{61241EC7-122C-4E1E-BCDF-9E33B77F21BB}"
EndProject
Project("{FAE04EC0-301F-11D3-BF4B-00C04F79EFBC}") = "RaceResultsBlazor.Utils", "RaceResultsBlazor.Utils\RaceResultsBlazor.Utils.csproj", "{BD580585-F771-45C3-BBEA-43AA90C26725}"
EndProject
Global
	GlobalSection(SolutionConfigurationPlatforms) = preSolution
		Debug|Any CPU = Debug|Any CPU
		Release|Any CPU = Release|Any CPU
	EndGlobalSection
	GlobalSection(ProjectConfigurationPlatforms) = postSolution
		{E5B75E86-E2DF-4540-AFF9-44365D9EFDF1}.Debug|Any CPU.ActiveCfg = Debug|Any CPU
		{E5B75E86-E2DF-4540-AFF9-44365D9EFDF1}.Debug|Any CPU.Build.0 = Debug|Any CPU
		{E5B75E86-E2DF-4540-AFF9-44365D9EFDF1}.Release|Any CPU.ActiveCfg = Release|Any CPU
		{E5B75E86-E2DF-4540-AFF9-44365D9EFDF1}.Release|Any CPU.Build.0 = Release|Any CPU
		{61241EC7-122C-4E1E-BCDF-9E33B77F21BB}.Debug|Any CPU.ActiveCfg = Debug|Any CPU
		{61241EC7-122C-4E1E-BCDF-9E33B77F21BB}.Debug|Any CPU.Build.0 = Debug|Any CPU
		{61241EC7-122C-4E1E-BCDF-9E33B77F21BB}.Release|Any CPU.ActiveCfg = Release|Any CPU
		{61241EC7-122C-4E1E-BCDF-9E33B77F21BB}.Release|Any CPU.Build.0 = Release|Any CPU
		{BD580585-F771-45C3-BBEA-43AA90C26725}.Debug|Any CPU.ActiveCfg = Debug|Any CPU
		{BD580585-F771-45C3-BBEA-43AA90C26725}.Debug|Any CPU.Build.0 = Debug|Any CPU
		{BD580585-F771-45C3-BBEA-43AA90C26725}.Release|Any CPU.ActiveCfg = Release|Any CPU
		{BD580585-F771-45C3-BBEA-43AA90C26725}.Release|Any CPU.Build.0 = Release|Any CPU
	EndGlobalSection
	GlobalSection(SolutionProperties) = preSolution
		HideSolutionNode = FALSE
	EndGlobalSection
	GlobalSection(ExtensibilityGlobals) = postSolution
		SolutionGuid = {48C4706C-6297-47FD-8600-5CC492EC1D71}
	EndGlobalSection
EndGlobal
